// !$*UTF8*$!
{
	archiveVersion = 1;
	classes = {
	};
	objectVersion = 46;
	objects = {

/* Begin PBXBuildFile section */
		F5AD722ABB7340579679E53C /* libPods.a in Frameworks */ = {isa = PBXBuildFile; fileRef = 826444C3F2FC42D791B263DA /* libPods.a */; };
		F8B8BCEB194CCBA900E2B5C2 /* Foundation.framework in Frameworks */ = {isa = PBXBuildFile; fileRef = F8B8BCEA194CCBA900E2B5C2 /* Foundation.framework */; };
		F8B8BCED194CCBA900E2B5C2 /* CoreGraphics.framework in Frameworks */ = {isa = PBXBuildFile; fileRef = F8B8BCEC194CCBA900E2B5C2 /* CoreGraphics.framework */; };
		F8B8BCEF194CCBA900E2B5C2 /* UIKit.framework in Frameworks */ = {isa = PBXBuildFile; fileRef = F8B8BCEE194CCBA900E2B5C2 /* UIKit.framework */; };
		F8B8BCF1194CCBA900E2B5C2 /* CoreData.framework in Frameworks */ = {isa = PBXBuildFile; fileRef = F8B8BCF0194CCBA900E2B5C2 /* CoreData.framework */; };
		F8B8BCF7194CCBA900E2B5C2 /* InfoPlist.strings in Resources */ = {isa = PBXBuildFile; fileRef = F8B8BCF5194CCBA900E2B5C2 /* InfoPlist.strings */; };
		F8B8BCF9194CCBA900E2B5C2 /* main.m in Sources */ = {isa = PBXBuildFile; fileRef = F8B8BCF8194CCBA900E2B5C2 /* main.m */; };
		F8B8BCFD194CCBA900E2B5C2 /* KIVAAppDelegate.m in Sources */ = {isa = PBXBuildFile; fileRef = F8B8BCFC194CCBA900E2B5C2 /* KIVAAppDelegate.m */; };
		F8B8BD00194CCBA900E2B5C2 /* Kiva.xcdatamodeld in Sources */ = {isa = PBXBuildFile; fileRef = F8B8BCFE194CCBA900E2B5C2 /* Kiva.xcdatamodeld */; };
		F8B8BD02194CCBA900E2B5C2 /* Images.xcassets in Resources */ = {isa = PBXBuildFile; fileRef = F8B8BD01194CCBA900E2B5C2 /* Images.xcassets */; };
		F8B8BD09194CCBA900E2B5C2 /* XCTest.framework in Frameworks */ = {isa = PBXBuildFile; fileRef = F8B8BD08194CCBA900E2B5C2 /* XCTest.framework */; };
		F8B8BD0A194CCBA900E2B5C2 /* Foundation.framework in Frameworks */ = {isa = PBXBuildFile; fileRef = F8B8BCEA194CCBA900E2B5C2 /* Foundation.framework */; };
		F8B8BD0B194CCBA900E2B5C2 /* UIKit.framework in Frameworks */ = {isa = PBXBuildFile; fileRef = F8B8BCEE194CCBA900E2B5C2 /* UIKit.framework */; };
		F8B8BD0C194CCBA900E2B5C2 /* CoreData.framework in Frameworks */ = {isa = PBXBuildFile; fileRef = F8B8BCF0194CCBA900E2B5C2 /* CoreData.framework */; };
		F8B8BD14194CCBA900E2B5C2 /* InfoPlist.strings in Resources */ = {isa = PBXBuildFile; fileRef = F8B8BD12194CCBA900E2B5C2 /* InfoPlist.strings */; };
		F8B8BD16194CCBA900E2B5C2 /* KivaTests.m in Sources */ = {isa = PBXBuildFile; fileRef = F8B8BD15194CCBA900E2B5C2 /* KivaTests.m */; };
		F8B8BD20194CCC7000E2B5C2 /* Storyboard.storyboard in Resources */ = {isa = PBXBuildFile; fileRef = F8B8BD1F194CCC7000E2B5C2 /* Storyboard.storyboard */; };
		F8B8BD23194CEFEF00E2B5C2 /* KIVALoginViewController.m in Sources */ = {isa = PBXBuildFile; fileRef = F8B8BD22194CEFEF00E2B5C2 /* KIVALoginViewController.m */; };
		F8B8BD29194CFE3600E2B5C2 /* KIVABaseModel.m in Sources */ = {isa = PBXBuildFile; fileRef = F8B8BD28194CFE3600E2B5C2 /* KIVABaseModel.m */; };
		F8B8BD2C194CFECB00E2B5C2 /* KIVALoan.m in Sources */ = {isa = PBXBuildFile; fileRef = F8B8BD2B194CFECB00E2B5C2 /* KIVALoan.m */; };
		F8B8BD2F194D0AFF00E2B5C2 /* KIVADataManager.m in Sources */ = {isa = PBXBuildFile; fileRef = F8B8BD2E194D0AFF00E2B5C2 /* KIVADataManager.m */; };
		F8B8BD31194D108E00E2B5C2 /* Loan.json in Resources */ = {isa = PBXBuildFile; fileRef = F8B8BD30194D108E00E2B5C2 /* Loan.json */; };
		F8B8BD35194D111500E2B5C2 /* KIVAJSONImporter.m in Sources */ = {isa = PBXBuildFile; fileRef = F8B8BD34194D111500E2B5C2 /* KIVAJSONImporter.m */; };
		F8B8BD39194D1E6200E2B5C2 /* KIVAAPIClient.m in Sources */ = {isa = PBXBuildFile; fileRef = F8B8BD38194D1E6200E2B5C2 /* KIVAAPIClient.m */; };
		F8B8BD3C194D1F3400E2B5C2 /* KIVAWSAPIClient.m in Sources */ = {isa = PBXBuildFile; fileRef = F8B8BD3B194D1F3400E2B5C2 /* KIVAWSAPIClient.m */; };
		F8B8BD41194D488E00E2B5C2 /* KIVAFilterViewController.m in Sources */ = {isa = PBXBuildFile; fileRef = F8B8BD40194D488E00E2B5C2 /* KIVAFilterViewController.m */; };
		F8B8BD44194D598500E2B5C2 /* KIVABaseMultSelectCell.m in Sources */ = {isa = PBXBuildFile; fileRef = F8B8BD43194D598500E2B5C2 /* KIVABaseMultSelectCell.m */; };
		F8B8BD47194DFCD000E2B5C2 /* KIVALoanCell.m in Sources */ = {isa = PBXBuildFile; fileRef = F8B8BD46194DFCD000E2B5C2 /* KIVALoanCell.m */; };
		F8B8BD4A194DFFB600E2B5C2 /* KIVACoreDataManager.m in Sources */ = {isa = PBXBuildFile; fileRef = F8B8BD49194DFFB600E2B5C2 /* KIVACoreDataManager.m */; };
		F8B8BD4D194E2D4500E2B5C2 /* KIVACarrouselViewController.m in Sources */ = {isa = PBXBuildFile; fileRef = F8B8BD4C194E2D4500E2B5C2 /* KIVACarrouselViewController.m */; };
		F8B8BD50194E3EC300E2B5C2 /* KIVAMainViewController.m in Sources */ = {isa = PBXBuildFile; fileRef = F8B8BD4F194E3EC300E2B5C2 /* KIVAMainViewController.m */; };
		F8B8BD53194E4C2600E2B5C2 /* KIVAWebViewController.m in Sources */ = {isa = PBXBuildFile; fileRef = F8B8BD52194E4C2600E2B5C2 /* KIVAWebViewController.m */; };
/* End PBXBuildFile section */

/* Begin PBXContainerItemProxy section */
		F8B8BD0D194CCBA900E2B5C2 /* PBXContainerItemProxy */ = {
			isa = PBXContainerItemProxy;
			containerPortal = F8B8BCDF194CCBA900E2B5C2 /* Project object */;
			proxyType = 1;
			remoteGlobalIDString = F8B8BCE6194CCBA900E2B5C2;
			remoteInfo = Kiva;
		};
/* End PBXContainerItemProxy section */

/* Begin PBXFileReference section */
		3831F90F3C7E4B81934DB85B /* Pods.xcconfig */ = {isa = PBXFileReference; includeInIndex = 1; lastKnownFileType = text.xcconfig; name = Pods.xcconfig; path = Pods/Pods.xcconfig; sourceTree = "<group>"; };
		826444C3F2FC42D791B263DA /* libPods.a */ = {isa = PBXFileReference; explicitFileType = archive.ar; includeInIndex = 0; path = libPods.a; sourceTree = BUILT_PRODUCTS_DIR; };
		F8B8BCE7194CCBA900E2B5C2 /* Kiva.app */ = {isa = PBXFileReference; explicitFileType = wrapper.application; includeInIndex = 0; path = Kiva.app; sourceTree = BUILT_PRODUCTS_DIR; };
		F8B8BCEA194CCBA900E2B5C2 /* Foundation.framework */ = {isa = PBXFileReference; lastKnownFileType = wrapper.framework; name = Foundation.framework; path = System/Library/Frameworks/Foundation.framework; sourceTree = SDKROOT; };
		F8B8BCEC194CCBA900E2B5C2 /* CoreGraphics.framework */ = {isa = PBXFileReference; lastKnownFileType = wrapper.framework; name = CoreGraphics.framework; path = System/Library/Frameworks/CoreGraphics.framework; sourceTree = SDKROOT; };
		F8B8BCEE194CCBA900E2B5C2 /* UIKit.framework */ = {isa = PBXFileReference; lastKnownFileType = wrapper.framework; name = UIKit.framework; path = System/Library/Frameworks/UIKit.framework; sourceTree = SDKROOT; };
		F8B8BCF0194CCBA900E2B5C2 /* CoreData.framework */ = {isa = PBXFileReference; lastKnownFileType = wrapper.framework; name = CoreData.framework; path = System/Library/Frameworks/CoreData.framework; sourceTree = SDKROOT; };
		F8B8BCF4194CCBA900E2B5C2 /* Kiva-Info.plist */ = {isa = PBXFileReference; lastKnownFileType = text.plist.xml; path = "Kiva-Info.plist"; sourceTree = "<group>"; };
		F8B8BCF6194CCBA900E2B5C2 /* en */ = {isa = PBXFileReference; lastKnownFileType = text.plist.strings; name = en; path = en.lproj/InfoPlist.strings; sourceTree = "<group>"; };
		F8B8BCF8194CCBA900E2B5C2 /* main.m */ = {isa = PBXFileReference; lastKnownFileType = sourcecode.c.objc; path = main.m; sourceTree = "<group>"; };
		F8B8BCFA194CCBA900E2B5C2 /* Kiva-Prefix.pch */ = {isa = PBXFileReference; lastKnownFileType = sourcecode.c.h; path = "Kiva-Prefix.pch"; sourceTree = "<group>"; };
		F8B8BCFB194CCBA900E2B5C2 /* KIVAAppDelegate.h */ = {isa = PBXFileReference; lastKnownFileType = sourcecode.c.h; path = KIVAAppDelegate.h; sourceTree = "<group>"; };
		F8B8BCFC194CCBA900E2B5C2 /* KIVAAppDelegate.m */ = {isa = PBXFileReference; lastKnownFileType = sourcecode.c.objc; path = KIVAAppDelegate.m; sourceTree = "<group>"; };
		F8B8BCFF194CCBA900E2B5C2 /* Kiva.xcdatamodel */ = {isa = PBXFileReference; lastKnownFileType = wrapper.xcdatamodel; path = Kiva.xcdatamodel; sourceTree = "<group>"; };
		F8B8BD01194CCBA900E2B5C2 /* Images.xcassets */ = {isa = PBXFileReference; lastKnownFileType = folder.assetcatalog; path = Images.xcassets; sourceTree = "<group>"; };
		F8B8BD07194CCBA900E2B5C2 /* KivaTests.xctest */ = {isa = PBXFileReference; explicitFileType = wrapper.cfbundle; includeInIndex = 0; path = KivaTests.xctest; sourceTree = BUILT_PRODUCTS_DIR; };
		F8B8BD08194CCBA900E2B5C2 /* XCTest.framework */ = {isa = PBXFileReference; lastKnownFileType = wrapper.framework; name = XCTest.framework; path = Library/Frameworks/XCTest.framework; sourceTree = DEVELOPER_DIR; };
		F8B8BD11194CCBA900E2B5C2 /* KivaTests-Info.plist */ = {isa = PBXFileReference; lastKnownFileType = text.plist.xml; path = "KivaTests-Info.plist"; sourceTree = "<group>"; };
		F8B8BD13194CCBA900E2B5C2 /* en */ = {isa = PBXFileReference; lastKnownFileType = text.plist.strings; name = en; path = en.lproj/InfoPlist.strings; sourceTree = "<group>"; };
		F8B8BD15194CCBA900E2B5C2 /* KivaTests.m */ = {isa = PBXFileReference; lastKnownFileType = sourcecode.c.objc; path = KivaTests.m; sourceTree = "<group>"; };
		F8B8BD1F194CCC7000E2B5C2 /* Storyboard.storyboard */ = {isa = PBXFileReference; fileEncoding = 4; lastKnownFileType = file.storyboard; name = Storyboard.storyboard; path = Kiva/Storyboard.storyboard; sourceTree = "<group>"; };
		F8B8BD21194CEFEF00E2B5C2 /* KIVALoginViewController.h */ = {isa = PBXFileReference; fileEncoding = 4; lastKnownFileType = sourcecode.c.h; name = KIVALoginViewController.h; path = Kiva/KIVALoginViewController.h; sourceTree = "<group>"; };
		F8B8BD22194CEFEF00E2B5C2 /* KIVALoginViewController.m */ = {isa = PBXFileReference; fileEncoding = 4; lastKnownFileType = sourcecode.c.objc; name = KIVALoginViewController.m; path = Kiva/KIVALoginViewController.m; sourceTree = "<group>"; };
		F8B8BD27194CFE3600E2B5C2 /* KIVABaseModel.h */ = {isa = PBXFileReference; fileEncoding = 4; lastKnownFileType = sourcecode.c.h; name = KIVABaseModel.h; path = Kiva/KIVABaseModel.h; sourceTree = "<group>"; };
		F8B8BD28194CFE3600E2B5C2 /* KIVABaseModel.m */ = {isa = PBXFileReference; fileEncoding = 4; lastKnownFileType = sourcecode.c.objc; name = KIVABaseModel.m; path = Kiva/KIVABaseModel.m; sourceTree = "<group>"; };
		F8B8BD2A194CFECB00E2B5C2 /* KIVALoan.h */ = {isa = PBXFileReference; fileEncoding = 4; lastKnownFileType = sourcecode.c.h; name = KIVALoan.h; path = Kiva/KIVALoan.h; sourceTree = "<group>"; };
		F8B8BD2B194CFECB00E2B5C2 /* KIVALoan.m */ = {isa = PBXFileReference; fileEncoding = 4; lastKnownFileType = sourcecode.c.objc; name = KIVALoan.m; path = Kiva/KIVALoan.m; sourceTree = "<group>"; };
		F8B8BD2D194D0AFF00E2B5C2 /* KIVADataManager.h */ = {isa = PBXFileReference; fileEncoding = 4; lastKnownFileType = sourcecode.c.h; name = KIVADataManager.h; path = Kiva/KIVADataManager.h; sourceTree = "<group>"; };
		F8B8BD2E194D0AFF00E2B5C2 /* KIVADataManager.m */ = {isa = PBXFileReference; fileEncoding = 4; lastKnownFileType = sourcecode.c.objc; name = KIVADataManager.m; path = Kiva/KIVADataManager.m; sourceTree = "<group>"; };
		F8B8BD30194D108E00E2B5C2 /* Loan.json */ = {isa = PBXFileReference; fileEncoding = 4; lastKnownFileType = text.json; path = Loan.json; sourceTree = "<group>"; };
		F8B8BD33194D111500E2B5C2 /* KIVAJSONImporter.h */ = {isa = PBXFileReference; fileEncoding = 4; lastKnownFileType = sourcecode.c.h; name = KIVAJSONImporter.h; path = Kiva/KIVAJSONImporter.h; sourceTree = "<group>"; };
		F8B8BD34194D111500E2B5C2 /* KIVAJSONImporter.m */ = {isa = PBXFileReference; fileEncoding = 4; lastKnownFileType = sourcecode.c.objc; name = KIVAJSONImporter.m; path = Kiva/KIVAJSONImporter.m; sourceTree = "<group>"; };
		F8B8BD37194D1E6200E2B5C2 /* KIVAAPIClient.h */ = {isa = PBXFileReference; fileEncoding = 4; lastKnownFileType = sourcecode.c.h; name = KIVAAPIClient.h; path = Kiva/KIVAAPIClient.h; sourceTree = "<group>"; };
		F8B8BD38194D1E6200E2B5C2 /* KIVAAPIClient.m */ = {isa = PBXFileReference; fileEncoding = 4; lastKnownFileType = sourcecode.c.objc; name = KIVAAPIClient.m; path = Kiva/KIVAAPIClient.m; sourceTree = "<group>"; };
		F8B8BD3A194D1F3400E2B5C2 /* KIVAWSAPIClient.h */ = {isa = PBXFileReference; fileEncoding = 4; lastKnownFileType = sourcecode.c.h; name = KIVAWSAPIClient.h; path = Kiva/KIVAWSAPIClient.h; sourceTree = "<group>"; };
		F8B8BD3B194D1F3400E2B5C2 /* KIVAWSAPIClient.m */ = {isa = PBXFileReference; fileEncoding = 4; lastKnownFileType = sourcecode.c.objc; name = KIVAWSAPIClient.m; path = Kiva/KIVAWSAPIClient.m; sourceTree = "<group>"; };
		F8B8BD3F194D488E00E2B5C2 /* KIVAFilterViewController.h */ = {isa = PBXFileReference; fileEncoding = 4; lastKnownFileType = sourcecode.c.h; name = KIVAFilterViewController.h; path = Kiva/KIVAFilterViewController.h; sourceTree = "<group>"; };
		F8B8BD40194D488E00E2B5C2 /* KIVAFilterViewController.m */ = {isa = PBXFileReference; fileEncoding = 4; lastKnownFileType = sourcecode.c.objc; name = KIVAFilterViewController.m; path = Kiva/KIVAFilterViewController.m; sourceTree = "<group>"; };
		F8B8BD42194D598500E2B5C2 /* KIVABaseMultSelectCell.h */ = {isa = PBXFileReference; fileEncoding = 4; lastKnownFileType = sourcecode.c.h; name = KIVABaseMultSelectCell.h; path = Kiva/KIVABaseMultSelectCell.h; sourceTree = "<group>"; };
		F8B8BD43194D598500E2B5C2 /* KIVABaseMultSelectCell.m */ = {isa = PBXFileReference; fileEncoding = 4; lastKnownFileType = sourcecode.c.objc; name = KIVABaseMultSelectCell.m; path = Kiva/KIVABaseMultSelectCell.m; sourceTree = "<group>"; };
		F8B8BD45194DFCD000E2B5C2 /* KIVALoanCell.h */ = {isa = PBXFileReference; fileEncoding = 4; lastKnownFileType = sourcecode.c.h; name = KIVALoanCell.h; path = Kiva/KIVALoanCell.h; sourceTree = "<group>"; };
		F8B8BD46194DFCD000E2B5C2 /* KIVALoanCell.m */ = {isa = PBXFileReference; fileEncoding = 4; lastKnownFileType = sourcecode.c.objc; name = KIVALoanCell.m; path = Kiva/KIVALoanCell.m; sourceTree = "<group>"; };
		F8B8BD48194DFFB600E2B5C2 /* KIVACoreDataManager.h */ = {isa = PBXFileReference; fileEncoding = 4; lastKnownFileType = sourcecode.c.h; name = KIVACoreDataManager.h; path = Kiva/KIVACoreDataManager.h; sourceTree = "<group>"; };
		F8B8BD49194DFFB600E2B5C2 /* KIVACoreDataManager.m */ = {isa = PBXFileReference; fileEncoding = 4; lastKnownFileType = sourcecode.c.objc; name = KIVACoreDataManager.m; path = Kiva/KIVACoreDataManager.m; sourceTree = "<group>"; };
		F8B8BD4B194E2D4500E2B5C2 /* KIVACarrouselViewController.h */ = {isa = PBXFileReference; fileEncoding = 4; lastKnownFileType = sourcecode.c.h; name = KIVACarrouselViewController.h; path = Kiva/KIVACarrouselViewController.h; sourceTree = "<group>"; };
		F8B8BD4C194E2D4500E2B5C2 /* KIVACarrouselViewController.m */ = {isa = PBXFileReference; fileEncoding = 4; lastKnownFileType = sourcecode.c.objc; name = KIVACarrouselViewController.m; path = Kiva/KIVACarrouselViewController.m; sourceTree = "<group>"; };
		F8B8BD4E194E3EC300E2B5C2 /* KIVAMainViewController.h */ = {isa = PBXFileReference; fileEncoding = 4; lastKnownFileType = sourcecode.c.h; name = KIVAMainViewController.h; path = Kiva/KIVAMainViewController.h; sourceTree = "<group>"; };
		F8B8BD4F194E3EC300E2B5C2 /* KIVAMainViewController.m */ = {isa = PBXFileReference; fileEncoding = 4; lastKnownFileType = sourcecode.c.objc; name = KIVAMainViewController.m; path = Kiva/KIVAMainViewController.m; sourceTree = "<group>"; };
		F8B8BD51194E4C2600E2B5C2 /* KIVAWebViewController.h */ = {isa = PBXFileReference; fileEncoding = 4; lastKnownFileType = sourcecode.c.h; name = KIVAWebViewController.h; path = Kiva/KIVAWebViewController.h; sourceTree = "<group>"; };
		F8B8BD52194E4C2600E2B5C2 /* KIVAWebViewController.m */ = {isa = PBXFileReference; fileEncoding = 4; lastKnownFileType = sourcecode.c.objc; name = KIVAWebViewController.m; path = Kiva/KIVAWebViewController.m; sourceTree = "<group>"; };
/* End PBXFileReference section */

/* Begin PBXFrameworksBuildPhase section */
		F8B8BCE4194CCBA900E2B5C2 /* Frameworks */ = {
			isa = PBXFrameworksBuildPhase;
			buildActionMask = 2147483647;
			files = (
				F8B8BCED194CCBA900E2B5C2 /* CoreGraphics.framework in Frameworks */,
				F8B8BCF1194CCBA900E2B5C2 /* CoreData.framework in Frameworks */,
				F8B8BCEF194CCBA900E2B5C2 /* UIKit.framework in Frameworks */,
				F8B8BCEB194CCBA900E2B5C2 /* Foundation.framework in Frameworks */,
				F5AD722ABB7340579679E53C /* libPods.a in Frameworks */,
			);
			runOnlyForDeploymentPostprocessing = 0;
		};
		F8B8BD04194CCBA900E2B5C2 /* Frameworks */ = {
			isa = PBXFrameworksBuildPhase;
			buildActionMask = 2147483647;
			files = (
				F8B8BD09194CCBA900E2B5C2 /* XCTest.framework in Frameworks */,
				F8B8BD0C194CCBA900E2B5C2 /* CoreData.framework in Frameworks */,
				F8B8BD0B194CCBA900E2B5C2 /* UIKit.framework in Frameworks */,
				F8B8BD0A194CCBA900E2B5C2 /* Foundation.framework in Frameworks */,
			);
			runOnlyForDeploymentPostprocessing = 0;
		};
/* End PBXFrameworksBuildPhase section */

/* Begin PBXGroup section */
		F8B8BCDE194CCBA900E2B5C2 = {
			isa = PBXGroup;
			children = (
				F8B8BD3E194D485900E2B5C2 /* Views */,
				F8B8BD3D194D484D00E2B5C2 /* ViewControllers */,
				F8B8BD24194CF8CB00E2B5C2 /* Models */,
				F8B8BCF2194CCBA900E2B5C2 /* Kiva */,
				F8B8BD0F194CCBA900E2B5C2 /* KivaTests */,
				F8B8BCE9194CCBA900E2B5C2 /* Frameworks */,
				F8B8BCE8194CCBA900E2B5C2 /* Products */,
				3831F90F3C7E4B81934DB85B /* Pods.xcconfig */,
			);
			sourceTree = "<group>";
		};
		F8B8BCE8194CCBA900E2B5C2 /* Products */ = {
			isa = PBXGroup;
			children = (
				F8B8BCE7194CCBA900E2B5C2 /* Kiva.app */,
				F8B8BD07194CCBA900E2B5C2 /* KivaTests.xctest */,
			);
			name = Products;
			sourceTree = "<group>";
		};
		F8B8BCE9194CCBA900E2B5C2 /* Frameworks */ = {
			isa = PBXGroup;
			children = (
				F8B8BCEA194CCBA900E2B5C2 /* Foundation.framework */,
				F8B8BCEC194CCBA900E2B5C2 /* CoreGraphics.framework */,
				F8B8BCEE194CCBA900E2B5C2 /* UIKit.framework */,
				F8B8BCF0194CCBA900E2B5C2 /* CoreData.framework */,
				F8B8BD08194CCBA900E2B5C2 /* XCTest.framework */,
				826444C3F2FC42D791B263DA /* libPods.a */,
			);
			name = Frameworks;
			sourceTree = "<group>";
		};
		F8B8BCF2194CCBA900E2B5C2 /* Kiva */ = {
			isa = PBXGroup;
			children = (
				F8B8BD30194D108E00E2B5C2 /* Loan.json */,
				F8B8BCFB194CCBA900E2B5C2 /* KIVAAppDelegate.h */,
				F8B8BCFC194CCBA900E2B5C2 /* KIVAAppDelegate.m */,
				F8B8BD01194CCBA900E2B5C2 /* Images.xcassets */,
				F8B8BCF3194CCBA900E2B5C2 /* Supporting Files */,
			);
			path = Kiva;
			sourceTree = "<group>";
		};
		F8B8BCF3194CCBA900E2B5C2 /* Supporting Files */ = {
			isa = PBXGroup;
			children = (
				F8B8BCF4194CCBA900E2B5C2 /* Kiva-Info.plist */,
				F8B8BCF5194CCBA900E2B5C2 /* InfoPlist.strings */,
				F8B8BCF8194CCBA900E2B5C2 /* main.m */,
				F8B8BCFA194CCBA900E2B5C2 /* Kiva-Prefix.pch */,
			);
			name = "Supporting Files";
			sourceTree = "<group>";
		};
		F8B8BD0F194CCBA900E2B5C2 /* KivaTests */ = {
			isa = PBXGroup;
			children = (
				F8B8BD15194CCBA900E2B5C2 /* KivaTests.m */,
				F8B8BD10194CCBA900E2B5C2 /* Supporting Files */,
			);
			path = KivaTests;
			sourceTree = "<group>";
		};
		F8B8BD10194CCBA900E2B5C2 /* Supporting Files */ = {
			isa = PBXGroup;
			children = (
				F8B8BD11194CCBA900E2B5C2 /* KivaTests-Info.plist */,
				F8B8BD12194CCBA900E2B5C2 /* InfoPlist.strings */,
			);
			name = "Supporting Files";
			sourceTree = "<group>";
		};
		F8B8BD24194CF8CB00E2B5C2 /* Models */ = {
			isa = PBXGroup;
			children = (
				F8B8BD36194D1E3D00E2B5C2 /* Network */,
				F8B8BD32194D10F200E2B5C2 /* Importers */,
				F8B8BD26194CFD9E00E2B5C2 /* Core Data */,
				F8B8BD25194CFD9A00E2B5C2 /* Mantle */,
			);
			name = Models;
			sourceTree = "<group>";
		};
		F8B8BD25194CFD9A00E2B5C2 /* Mantle */ = {
			isa = PBXGroup;
			children = (
				F8B8BD27194CFE3600E2B5C2 /* KIVABaseModel.h */,
				F8B8BD28194CFE3600E2B5C2 /* KIVABaseModel.m */,
				F8B8BD2A194CFECB00E2B5C2 /* KIVALoan.h */,
				F8B8BD2B194CFECB00E2B5C2 /* KIVALoan.m */,
				F8B8BD2D194D0AFF00E2B5C2 /* KIVADataManager.h */,
				F8B8BD2E194D0AFF00E2B5C2 /* KIVADataManager.m */,
			);
			name = Mantle;
			sourceTree = "<group>";
		};
		F8B8BD26194CFD9E00E2B5C2 /* Core Data */ = {
			isa = PBXGroup;
			children = (
				F8B8BCFE194CCBA900E2B5C2 /* Kiva.xcdatamodeld */,
				F8B8BD48194DFFB600E2B5C2 /* KIVACoreDataManager.h */,
				F8B8BD49194DFFB600E2B5C2 /* KIVACoreDataManager.m */,
			);
			name = "Core Data";
			sourceTree = "<group>";
		};
		F8B8BD32194D10F200E2B5C2 /* Importers */ = {
			isa = PBXGroup;
			children = (
				F8B8BD33194D111500E2B5C2 /* KIVAJSONImporter.h */,
				F8B8BD34194D111500E2B5C2 /* KIVAJSONImporter.m */,
			);
			name = Importers;
			sourceTree = "<group>";
		};
		F8B8BD36194D1E3D00E2B5C2 /* Network */ = {
			isa = PBXGroup;
			children = (
				F8B8BD37194D1E6200E2B5C2 /* KIVAAPIClient.h */,
				F8B8BD38194D1E6200E2B5C2 /* KIVAAPIClient.m */,
				F8B8BD3A194D1F3400E2B5C2 /* KIVAWSAPIClient.h */,
				F8B8BD3B194D1F3400E2B5C2 /* KIVAWSAPIClient.m */,
			);
			name = Network;
			sourceTree = "<group>";
		};
		F8B8BD3D194D484D00E2B5C2 /* ViewControllers */ = {
			isa = PBXGroup;
			children = (
				F8B8BD21194CEFEF00E2B5C2 /* KIVALoginViewController.h */,
				F8B8BD22194CEFEF00E2B5C2 /* KIVALoginViewController.m */,
				F8B8BD3F194D488E00E2B5C2 /* KIVAFilterViewController.h */,
				F8B8BD40194D488E00E2B5C2 /* KIVAFilterViewController.m */,
				F8B8BD42194D598500E2B5C2 /* KIVABaseMultSelectCell.h */,
				F8B8BD43194D598500E2B5C2 /* KIVABaseMultSelectCell.m */,
				F8B8BD45194DFCD000E2B5C2 /* KIVALoanCell.h */,
				F8B8BD46194DFCD000E2B5C2 /* KIVALoanCell.m */,
				F8B8BD4E194E3EC300E2B5C2 /* KIVAMainViewController.h */,
				F8B8BD4F194E3EC300E2B5C2 /* KIVAMainViewController.m */,
				F8B8BD4B194E2D4500E2B5C2 /* KIVACarrouselViewController.h */,
				F8B8BD4C194E2D4500E2B5C2 /* KIVACarrouselViewController.m */,
				F8B8BD51194E4C2600E2B5C2 /* KIVAWebViewController.h */,
				F8B8BD52194E4C2600E2B5C2 /* KIVAWebViewController.m */,
			);
			name = ViewControllers;
			sourceTree = "<group>";
		};
		F8B8BD3E194D485900E2B5C2 /* Views */ = {
			isa = PBXGroup;
			children = (
				F8B8BD1F194CCC7000E2B5C2 /* Storyboard.storyboard */,
			);
			name = Views;
			sourceTree = "<group>";
		};
/* End PBXGroup section */

/* Begin PBXNativeTarget section */
		F8B8BCE6194CCBA900E2B5C2 /* Kiva */ = {
			isa = PBXNativeTarget;
			buildConfigurationList = F8B8BD19194CCBA900E2B5C2 /* Build configuration list for PBXNativeTarget "Kiva" */;
			buildPhases = (
				7707D253B2C34D2595907108 /* Check Pods Manifest.lock */,
				F8B8BCE3194CCBA900E2B5C2 /* Sources */,
				F8B8BCE4194CCBA900E2B5C2 /* Frameworks */,
				F8B8BCE5194CCBA900E2B5C2 /* Resources */,
				FB864AC0572641778532A04B /* Copy Pods Resources */,
			);
			buildRules = (
			);
			dependencies = (
			);
			name = Kiva;
			productName = Kiva;
			productReference = F8B8BCE7194CCBA900E2B5C2 /* Kiva.app */;
			productType = "com.apple.product-type.application";
		};
		F8B8BD06194CCBA900E2B5C2 /* KivaTests */ = {
			isa = PBXNativeTarget;
			buildConfigurationList = F8B8BD1C194CCBA900E2B5C2 /* Build configuration list for PBXNativeTarget "KivaTests" */;
			buildPhases = (
				F8B8BD03194CCBA900E2B5C2 /* Sources */,
				F8B8BD04194CCBA900E2B5C2 /* Frameworks */,
				F8B8BD05194CCBA900E2B5C2 /* Resources */,
			);
			buildRules = (
			);
			dependencies = (
				F8B8BD0E194CCBA900E2B5C2 /* PBXTargetDependency */,
			);
			name = KivaTests;
			productName = KivaTests;
			productReference = F8B8BD07194CCBA900E2B5C2 /* KivaTests.xctest */;
			productType = "com.apple.product-type.bundle.unit-test";
		};
/* End PBXNativeTarget section */

/* Begin PBXProject section */
		F8B8BCDF194CCBA900E2B5C2 /* Project object */ = {
			isa = PBXProject;
			attributes = {
				CLASSPREFIX = KIVA;
				LastUpgradeCheck = 0510;
				ORGANIZATIONNAME = "Ronald Mannak";
				TargetAttributes = {
					F8B8BD06194CCBA900E2B5C2 = {
						TestTargetID = F8B8BCE6194CCBA900E2B5C2;
					};
				};
			};
			buildConfigurationList = F8B8BCE2194CCBA900E2B5C2 /* Build configuration list for PBXProject "Kiva" */;
			compatibilityVersion = "Xcode 3.2";
			developmentRegion = English;
			hasScannedForEncodings = 0;
			knownRegions = (
				en,
			);
			mainGroup = F8B8BCDE194CCBA900E2B5C2;
			productRefGroup = F8B8BCE8194CCBA900E2B5C2 /* Products */;
			projectDirPath = "";
			projectRoot = "";
			targets = (
				F8B8BCE6194CCBA900E2B5C2 /* Kiva */,
				F8B8BD06194CCBA900E2B5C2 /* KivaTests */,
			);
		};
/* End PBXProject section */

/* Begin PBXResourcesBuildPhase section */
		F8B8BCE5194CCBA900E2B5C2 /* Resources */ = {
			isa = PBXResourcesBuildPhase;
			buildActionMask = 2147483647;
			files = (
				F8B8BCF7194CCBA900E2B5C2 /* InfoPlist.strings in Resources */,
				F8B8BD02194CCBA900E2B5C2 /* Images.xcassets in Resources */,
				F8B8BD20194CCC7000E2B5C2 /* Storyboard.storyboard in Resources */,
				F8B8BD31194D108E00E2B5C2 /* Loan.json in Resources */,
			);
			runOnlyForDeploymentPostprocessing = 0;
		};
		F8B8BD05194CCBA900E2B5C2 /* Resources */ = {
			isa = PBXResourcesBuildPhase;
			buildActionMask = 2147483647;
			files = (
				F8B8BD14194CCBA900E2B5C2 /* InfoPlist.strings in Resources */,
			);
			runOnlyForDeploymentPostprocessing = 0;
		};
/* End PBXResourcesBuildPhase section */

/* Begin PBXShellScriptBuildPhase section */
		7707D253B2C34D2595907108 /* Check Pods Manifest.lock */ = {
			isa = PBXShellScriptBuildPhase;
			buildActionMask = 2147483647;
			files = (
			);
			inputPaths = (
			);
			name = "Check Pods Manifest.lock";
			outputPaths = (
			);
			runOnlyForDeploymentPostprocessing = 0;
			shellPath = /bin/sh;
			shellScript = "diff \"${PODS_ROOT}/../Podfile.lock\" \"${PODS_ROOT}/Manifest.lock\" > /dev/null\nif [[ $? != 0 ]] ; then\n    cat << EOM\nerror: The sandbox is not in sync with the Podfile.lock. Run 'pod install' or update your CocoaPods installation.\nEOM\n    exit 1\nfi\n";
			showEnvVarsInLog = 0;
		};
		FB864AC0572641778532A04B /* Copy Pods Resources */ = {
			isa = PBXShellScriptBuildPhase;
			buildActionMask = 2147483647;
			files = (
			);
			inputPaths = (
			);
			name = "Copy Pods Resources";
			outputPaths = (
			);
			runOnlyForDeploymentPostprocessing = 0;
			shellPath = /bin/sh;
			shellScript = "\"${SRCROOT}/Pods/Pods-resources.sh\"\n";
			showEnvVarsInLog = 0;
		};
/* End PBXShellScriptBuildPhase section */

/* Begin PBXSourcesBuildPhase section */
		F8B8BCE3194CCBA900E2B5C2 /* Sources */ = {
			isa = PBXSourcesBuildPhase;
			buildActionMask = 2147483647;
			files = (
				F8B8BCF9194CCBA900E2B5C2 /* main.m in Sources */,
				F8B8BD29194CFE3600E2B5C2 /* KIVABaseModel.m in Sources */,
				F8B8BD50194E3EC300E2B5C2 /* KIVAMainViewController.m in Sources */,
				F8B8BD2C194CFECB00E2B5C2 /* KIVALoan.m in Sources */,
				F8B8BD47194DFCD000E2B5C2 /* KIVALoanCell.m in Sources */,
				F8B8BD39194D1E6200E2B5C2 /* KIVAAPIClient.m in Sources */,
				F8B8BCFD194CCBA900E2B5C2 /* KIVAAppDelegate.m in Sources */,
				F8B8BD35194D111500E2B5C2 /* KIVAJSONImporter.m in Sources */,
				F8B8BD53194E4C2600E2B5C2 /* KIVAWebViewController.m in Sources */,
				F8B8BD4A194DFFB600E2B5C2 /* KIVACoreDataManager.m in Sources */,
				F8B8BD3C194D1F3400E2B5C2 /* KIVAWSAPIClient.m in Sources */,
				F8B8BD44194D598500E2B5C2 /* KIVABaseMultSelectCell.m in Sources */,
				F8B8BD2F194D0AFF00E2B5C2 /* KIVADataManager.m in Sources */,
				F8B8BD00194CCBA900E2B5C2 /* Kiva.xcdatamodeld in Sources */,
				F8B8BD4D194E2D4500E2B5C2 /* KIVACarrouselViewController.m in Sources */,
				F8B8BD23194CEFEF00E2B5C2 /* KIVALoginViewController.m in Sources */,
				F8B8BD41194D488E00E2B5C2 /* KIVAFilterViewController.m in Sources */,
			);
			runOnlyForDeploymentPostprocessing = 0;
		};
		F8B8BD03194CCBA900E2B5C2 /* Sources */ = {
			isa = PBXSourcesBuildPhase;
			buildActionMask = 2147483647;
			files = (
				F8B8BD16194CCBA900E2B5C2 /* KivaTests.m in Sources */,
			);
			runOnlyForDeploymentPostprocessing = 0;
		};
/* End PBXSourcesBuildPhase section */

/* Begin PBXTargetDependency section */
		F8B8BD0E194CCBA900E2B5C2 /* PBXTargetDependency */ = {
			isa = PBXTargetDependency;
			target = F8B8BCE6194CCBA900E2B5C2 /* Kiva */;
			targetProxy = F8B8BD0D194CCBA900E2B5C2 /* PBXContainerItemProxy */;
		};
/* End PBXTargetDependency section */

/* Begin PBXVariantGroup section */
		F8B8BCF5194CCBA900E2B5C2 /* InfoPlist.strings */ = {
			isa = PBXVariantGroup;
			children = (
				F8B8BCF6194CCBA900E2B5C2 /* en */,
			);
			name = InfoPlist.strings;
			sourceTree = "<group>";
		};
		F8B8BD12194CCBA900E2B5C2 /* InfoPlist.strings */ = {
			isa = PBXVariantGroup;
			children = (
				F8B8BD13194CCBA900E2B5C2 /* en */,
			);
			name = InfoPlist.strings;
			sourceTree = "<group>";
		};
/* End PBXVariantGroup section */

/* Begin XCBuildConfiguration section */
		F8B8BD17194CCBA900E2B5C2 /* Debug */ = {
			isa = XCBuildConfiguration;
			buildSettings = {
				ALWAYS_SEARCH_USER_PATHS = NO;
				CLANG_CXX_LANGUAGE_STANDARD = "gnu++0x";
				CLANG_CXX_LIBRARY = "libc++";
				CLANG_ENABLE_MODULES = YES;
				CLANG_ENABLE_OBJC_ARC = YES;
				CLANG_WARN_BOOL_CONVERSION = YES;
				CLANG_WARN_CONSTANT_CONVERSION = YES;
				CLANG_WARN_DIRECT_OBJC_ISA_USAGE = YES_ERROR;
				CLANG_WARN_EMPTY_BODY = YES;
				CLANG_WARN_ENUM_CONVERSION = YES;
				CLANG_WARN_INT_CONVERSION = YES;
				CLANG_WARN_OBJC_ROOT_CLASS = YES_ERROR;
				CLANG_WARN__DUPLICATE_METHOD_MATCH = YES;
				"CODE_SIGN_IDENTITY[sdk=iphoneos*]" = "iPhone Developer";
				COPY_PHASE_STRIP = NO;
				GCC_C_LANGUAGE_STANDARD = gnu99;
				GCC_DYNAMIC_NO_PIC = NO;
				GCC_OPTIMIZATION_LEVEL = 0;
				GCC_PREPROCESSOR_DEFINITIONS = (
					"DEBUG=1",
					"$(inherited)",
				);
				GCC_SYMBOLS_PRIVATE_EXTERN = NO;
				GCC_WARN_64_TO_32_BIT_CONVERSION = YES;
				GCC_WARN_ABOUT_RETURN_TYPE = YES_ERROR;
				GCC_WARN_UNDECLARED_SELECTOR = YES;
				GCC_WARN_UNINITIALIZED_AUTOS = YES_AGGRESSIVE;
				GCC_WARN_UNUSED_FUNCTION = YES;
				GCC_WARN_UNUSED_VARIABLE = YES;
				IPHONEOS_DEPLOYMENT_TARGET = 7.1;
				ONLY_ACTIVE_ARCH = YES;
				SDKROOT = iphoneos;
				TARGETED_DEVICE_FAMILY = "1,2";
			};
			name = Debug;
		};
		F8B8BD18194CCBA900E2B5C2 /* Release */ = {
			isa = XCBuildConfiguration;
			buildSettings = {
				ALWAYS_SEARCH_USER_PATHS = NO;
				CLANG_CXX_LANGUAGE_STANDARD = "gnu++0x";
				CLANG_CXX_LIBRARY = "libc++";
				CLANG_ENABLE_MODULES = YES;
				CLANG_ENABLE_OBJC_ARC = YES;
				CLANG_WARN_BOOL_CONVERSION = YES;
				CLANG_WARN_CONSTANT_CONVERSION = YES;
				CLANG_WARN_DIRECT_OBJC_ISA_USAGE = YES_ERROR;
				CLANG_WARN_EMPTY_BODY = YES;
				CLANG_WARN_ENUM_CONVERSION = YES;
				CLANG_WARN_INT_CONVERSION = YES;
				CLANG_WARN_OBJC_ROOT_CLASS = YES_ERROR;
				CLANG_WARN__DUPLICATE_METHOD_MATCH = YES;
				"CODE_SIGN_IDENTITY[sdk=iphoneos*]" = "iPhone Developer";
				COPY_PHASE_STRIP = YES;
				ENABLE_NS_ASSERTIONS = NO;
				GCC_C_LANGUAGE_STANDARD = gnu99;
				GCC_WARN_64_TO_32_BIT_CONVERSION = YES;
				GCC_WARN_ABOUT_RETURN_TYPE = YES_ERROR;
				GCC_WARN_UNDECLARED_SELECTOR = YES;
				GCC_WARN_UNINITIALIZED_AUTOS = YES_AGGRESSIVE;
				GCC_WARN_UNUSED_FUNCTION = YES;
				GCC_WARN_UNUSED_VARIABLE = YES;
				IPHONEOS_DEPLOYMENT_TARGET = 7.1;
				SDKROOT = iphoneos;
				TARGETED_DEVICE_FAMILY = "1,2";
				VALIDATE_PRODUCT = YES;
			};
			name = Release;
		};
		F8B8BD1A194CCBA900E2B5C2 /* Debug */ = {
			isa = XCBuildConfiguration;
			baseConfigurationReference = 3831F90F3C7E4B81934DB85B /* Pods.xcconfig */;
			buildSettings = {
				ASSETCATALOG_COMPILER_APPICON_NAME = AppIcon;
				ASSETCATALOG_COMPILER_LAUNCHIMAGE_NAME = LaunchImage;
				GCC_PRECOMPILE_PREFIX_HEADER = YES;
				GCC_PREFIX_HEADER = "Kiva/Kiva-Prefix.pch";
				INFOPLIST_FILE = "Kiva/Kiva-Info.plist";
				PRODUCT_NAME = "$(TARGET_NAME)";
				TARGETED_DEVICE_FAMILY = 2;
				WRAPPER_EXTENSION = app;
			};
			name = Debug;
		};
		F8B8BD1B194CCBA900E2B5C2 /* Release */ = {
			isa = XCBuildConfiguration;
			baseConfigurationReference = 3831F90F3C7E4B81934DB85B /* Pods.xcconfig */;
			buildSettings = {
				ASSETCATALOG_COMPILER_APPICON_NAME = AppIcon;
				ASSETCATALOG_COMPILER_LAUNCHIMAGE_NAME = LaunchImage;
				GCC_PRECOMPILE_PREFIX_HEADER = YES;
				GCC_PREFIX_HEADER = "Kiva/Kiva-Prefix.pch";
				INFOPLIST_FILE = "Kiva/Kiva-Info.plist";
				PRODUCT_NAME = "$(TARGET_NAME)";
				TARGETED_DEVICE_FAMILY = 2;
				WRAPPER_EXTENSION = app;
			};
			name = Release;
		};
		F8B8BD1D194CCBA900E2B5C2 /* Debug */ = {
			isa = XCBuildConfiguration;
			buildSettings = {
				BUNDLE_LOADER = "$(BUILT_PRODUCTS_DIR)/Kiva.app/Kiva";
				FRAMEWORK_SEARCH_PATHS = (
					"$(SDKROOT)/Developer/Library/Frameworks",
					"$(inherited)",
					"$(DEVELOPER_FRAMEWORKS_DIR)",
				);
				GCC_PRECOMPILE_PREFIX_HEADER = YES;
				GCC_PREFIX_HEADER = "Kiva/Kiva-Prefix.pch";
				GCC_PREPROCESSOR_DEFINITIONS = (
					"DEBUG=1",
					"$(inherited)",
				);
				INFOPLIST_FILE = "KivaTests/KivaTests-Info.plist";
				PRODUCT_NAME = "$(TARGET_NAME)";
				TEST_HOST = "$(BUNDLE_LOADER)";
				WRAPPER_EXTENSION = xctest;
			};
			name = Debug;
		};
		F8B8BD1E194CCBA900E2B5C2 /* Release */ = {
			isa = XCBuildConfiguration;
			buildSettings = {
				BUNDLE_LOADER = "$(BUILT_PRODUCTS_DIR)/Kiva.app/Kiva";
				FRAMEWORK_SEARCH_PATHS = (
					"$(SDKROOT)/Developer/Library/Frameworks",
					"$(inherited)",
					"$(DEVELOPER_FRAMEWORKS_DIR)",
				);
				GCC_PRECOMPILE_PREFIX_HEADER = YES;
				GCC_PREFIX_HEADER = "Kiva/Kiva-Prefix.pch";
				INFOPLIST_FILE = "KivaTests/KivaTests-Info.plist";
				PRODUCT_NAME = "$(TARGET_NAME)";
				TEST_HOST = "$(BUNDLE_LOADER)";
				WRAPPER_EXTENSION = xctest;
			};
			name = Release;
		};
/* End XCBuildConfiguration section */

/* Begin XCConfigurationList section */
		F8B8BCE2194CCBA900E2B5C2 /* Build configuration list for PBXProject "Kiva" */ = {
			isa = XCConfigurationList;
			buildConfigurations = (
				F8B8BD17194CCBA900E2B5C2 /* Debug */,
				F8B8BD18194CCBA900E2B5C2 /* Release */,
			);
			defaultConfigurationIsVisible = 0;
			defaultConfigurationName = Release;
		};
		F8B8BD19194CCBA900E2B5C2 /* Build configuration list for PBXNativeTarget "Kiva" */ = {
			isa = XCConfigurationList;
			buildConfigurations = (
				F8B8BD1A194CCBA900E2B5C2 /* Debug */,
				F8B8BD1B194CCBA900E2B5C2 /* Release */,
			);
			defaultConfigurationIsVisible = 0;
			defaultConfigurationName = Release;
		};
		F8B8BD1C194CCBA900E2B5C2 /* Build configuration list for PBXNativeTarget "KivaTests" */ = {
			isa = XCConfigurationList;
			buildConfigurations = (
				F8B8BD1D194CCBA900E2B5C2 /* Debug */,
				F8B8BD1E194CCBA900E2B5C2 /* Release */,
			);
			defaultConfigurationIsVisible = 0;
			defaultConfigurationName = Release;
		};
/* End XCConfigurationList section */

/* Begin XCVersionGroup section */
		F8B8BCFE194CCBA900E2B5C2 /* Kiva.xcdatamodeld */ = {
			isa = XCVersionGroup;
			children = (
				F8B8BCFF194CCBA900E2B5C2 /* Kiva.xcdatamodel */,
			);
			currentVersion = F8B8BCFF194CCBA900E2B5C2 /* Kiva.xcdatamodel */;
			name = Kiva.xcdatamodeld;
			path = Kiva/Kiva.xcdatamodeld;
			sourceTree = "<group>";
			versionGroupType = wrapper.xcdatamodel;
		};
/* End XCVersionGroup section */
	};
	rootObject = F8B8BCDF194CCBA900E2B5C2 /* Project object */;
}
